
Microsoft Visual Studio Solution File, Format Version 12.00
# Visual Studio Version 17
VisualStudioVersion = 17.0.32014.148
MinimumVisualStudioVersion = 10.0.40219.1
Project("{FAE04EC0-301F-11D3-BF4B-00C04F79EFBC}") = "Reservation_vols_version1", "Reservation_vols_version1\Reservation_vols_version1.csproj", "{1990507E-D5A2-4144-9D33-C156422F8D57}"
EndProject
Global
	GlobalSection(SolutionConfigurationPlatforms) = preSolution
		Debug|Any CPU = Debug|Any CPU
		Release|Any CPU = Release|Any CPU
	EndGlobalSection
	GlobalSection(ProjectConfigurationPlatforms) = postSolution
		{1990507E-D5A2-4144-9D33-C156422F8D57}.Debug|Any CPU.ActiveCfg = Debug|Any CPU
		{1990507E-D5A2-4144-9D33-C156422F8D57}.Debug|Any CPU.Build.0 = Debug|Any CPU
		{1990507E-D5A2-4144-9D33-C156422F8D57}.Release|Any CPU.ActiveCfg = Release|Any CPU
		{1990507E-D5A2-4144-9D33-C156422F8D57}.Release|Any CPU.Build.0 = Release|Any CPU
	EndGlobalSection
	GlobalSection(SolutionProperties) = preSolution
		HideSolutionNode = FALSE
	EndGlobalSection
	GlobalSection(ExtensibilityGlobals) = postSolution
		SolutionGuid = {60B0CF08-7710-41E6-B3FD-CD8CC27E3FF6}
	EndGlobalSection
EndGlobal
